<?xml version="1.0" encoding="utf-8"?>
<Project ToolsVersion="4.0" xmlns="http://schemas.microsoft.com/developer/msbuild/2003">
  <ItemGroup>
    <Filter Include="Source Files">
      <UniqueIdentifier>{4FC737F1-C7A5-4376-A066-2A32D752A2FF}</UniqueIdentifier>
      <Extensions>qml;cpp;c;cc;cxx;def;odl;idl;hpj;bat;asm;asmx</Extensions>
    </Filter>
    <Filter Include="Header Files">
      <UniqueIdentifier>{93995380-89BD-4b04-88EB-625FBE52EBFB}</UniqueIdentifier>
      <Extensions>h;hh;hpp;hxx;hm;inl;inc;xsd</Extensions>
    </Filter>
    <Filter Include="Resource Files">
      <UniqueIdentifier>{67DA6AB6-F800-4c08-8B7A-83BB121AAD01}</UniqueIdentifier>
      <Extensions>qrc;rc;ico;cur;bmp;dlg;rc2;rct;bin;rgs;gif;jpg;jpeg;jpe;resx;tiff;tif;png;wav;mfcribbon-ms</Extensions>
    </Filter>
    <Filter Include="Form Files">
      <UniqueIdentifier>{99349809-55BA-4b9d-BF79-8FDBB0286EB3}</UniqueIdentifier>
      <Extensions>ui</Extensions>
    </Filter>
    <Filter Include="Translation Files">
      <UniqueIdentifier>{639EADAA-A684-42e4-A9AD-28FC9BCB8F7C}</UniqueIdentifier>
      <Extensions>ts</Extensions>
    </Filter>
  </ItemGroup>
  <ItemGroup>
    <QtRcc Include="qtdesignerplugintool.qrc">
      <Filter>Resource Files</Filter>
    </QtRcc>
  </ItemGroup>
  <ItemGroup>
    <ClCompile Include="main.cpp">
      <Filter>Source Files</Filter>
    </ClCompile>
    <ClCompile Include="MainWindow\MainWindow.cpp">
      <Filter>Source Files</Filter>
    </ClCompile>
    <ClCompile Include="Utility\FileUtility.cpp">
      <Filter>Source Files</Filter>
    </ClCompile>
    <ClCompile Include="WidgetUI\ToolBar\ToolBar.cpp">
      <Filter>Source Files</Filter>
    </ClCompile>
    <ClCompile Include="WidgetUI\CentralWidget\CentralWidget.cpp">
      <Filter>Source Files</Filter>
    </ClCompile>
    <ClCompile Include="WidgetUI\CentralWidget\PluginDataWidget.cpp">
      <Filter>Source Files</Filter>
    </ClCompile>
    <ClCompile Include="Utility\LibraryUtility.cpp">
      <Filter>Source Files</Filter>
    </ClCompile>
    <ClCompile Include="WidgetManage\ToolBarManage.cpp">
      <Filter>Source Files</Filter>
    </ClCompile>
    <ClCompile Include="WidgetManage\ToolTipManage.cpp">
      <Filter>Source Files</Filter>
    </ClCompile>
    <ClCompile Include="WidgetUI\CentralWidget\WidgetShowWidget.cpp">
      <Filter>Source Files</Filter>
    </ClCompile>
    <ClCompile Include="WidgetUI\ToolBar\OpenPluginWidget.cpp">
      <Filter>Source Files</Filter>
    </ClCompile>
    <ClCompile Include="WidgetUI\SidebarWidget\SidebarWidget.cpp">
      <Filter>Source Files</Filter>
    </ClCompile>
    <ClCompile Include="Data\PluginLibraryData.cpp">
      <Filter>Source Files</Filter>
    </ClCompile>
    <ClCompile Include="Utility\JsonUtility.cpp">
      <Filter>Source Files</Filter>
    </ClCompile>
    <ClCompile Include="WidgetManage\SidebarWidgetManage.cpp">
      <Filter>Source Files</Filter>
    </ClCompile>
    <ClCompile Include="WidgetManage\CentralWidgetManage.cpp">
      <Filter>Source Files</Filter>
    </ClCompile>
    <ClCompile Include="WidgetUI\SidebarWidget\TitleBarWidget.cpp">
      <Filter>Source Files</Filter>
    </ClCompile>
  </ItemGroup>
  <ItemGroup>
    <QtMoc Include="MainWindow\MainWindow.h">
      <Filter>Header Files</Filter>
    </QtMoc>
    <QtMoc Include="Utility\FileUtility.h">
      <Filter>Header Files</Filter>
    </QtMoc>
    <QtMoc Include="WidgetUI\ToolBar\ToolBar.h">
      <Filter>Header Files</Filter>
    </QtMoc>
    <QtMoc Include="WidgetUI\CentralWidget\CentralWidget.h">
      <Filter>Header Files</Filter>
    </QtMoc>
    <QtMoc Include="WidgetUI\CentralWidget\PluginDataWidget.h">
      <Filter>Header Files</Filter>
    </QtMoc>
    <QtMoc Include="Utility\LibraryUtility.h">
      <Filter>Header Files</Filter>
    </QtMoc>
    <QtMoc Include="WidgetManage\ToolBarManage.h">
      <Filter>Header Files</Filter>
    </QtMoc>
    <QtMoc Include="WidgetManage\ToolTipManage.h">
      <Filter>Header Files</Filter>
    </QtMoc>
    <QtMoc Include="WidgetUI\CentralWidget\WidgetShowWidget.h">
      <Filter>Header Files</Filter>
    </QtMoc>
    <QtMoc Include="WidgetUI\ToolBar\OpenPluginWidget.h">
      <Filter>Header Files</Filter>
    </QtMoc>
    <QtMoc Include="WidgetUI\SidebarWidget\SidebarWidget.h">
      <Filter>Header Files</Filter>
    </QtMoc>
    <QtMoc Include="Utility\JsonUtility.h">
      <Filter>Header Files</Filter>
    </QtMoc>
    <QtMoc Include="WidgetManage\SidebarWidgetManage.h">
      <Filter>Header Files</Filter>
    </QtMoc>
    <QtMoc Include="WidgetManage\CentralWidgetManage.h">
      <Filter>Header Files</Filter>
    </QtMoc>
    <QtMoc Include="WidgetUI\SidebarWidget\TitleBarWidget.h">
      <Filter>Header Files</Filter>
    </QtMoc>
  </ItemGroup>
  <ItemGroup>
    <QtUic Include="MainWindow\MainWindow.ui">
      <Filter>Form Files</Filter>
    </QtUic>
    <QtUic Include="WidgetUI\ToolBar\OpenPluginWidget.ui">
      <Filter>Form Files</Filter>
    </QtUic>
  </ItemGroup>
  <ItemGroup>
    <ClInclude Include="Data\PluginLibraryData.h">
      <Filter>Header Files</Filter>
    </ClInclude>
  </ItemGroup>
</Project>